// !$*UTF8*$!
{
	archiveVersion = 1;
	classes = {
	};
	objectVersion = 50;
	objects = {

/* Begin PBXBuildFile section */
		F80BBDF0253732D4003DBE59 /* EditView.swift in Sources */ = {isa = PBXBuildFile; fileRef = F80BBDEF253732D4003DBE59 /* EditView.swift */; };
		F80BBDF5253732F0003DBE59 /* ItemRow.swift in Sources */ = {isa = PBXBuildFile; fileRef = F80BBDF4253732F0003DBE59 /* ItemRow.swift */; };
		F8163F90253B21210047870F /* ContactPicker.swift in Sources */ = {isa = PBXBuildFile; fileRef = F8163F8F253B21210047870F /* ContactPicker.swift */; };
		F81FB2D625458C1D005C50E7 /* RiskLevel.swift in Sources */ = {isa = PBXBuildFile; fileRef = F81FB2D525458C1D005C50E7 /* RiskLevel.swift */; };
		F84178F32549A707005456C3 /* LocationPoiPicker.swift in Sources */ = {isa = PBXBuildFile; fileRef = F84178F22549A707005456C3 /* LocationPoiPicker.swift */; };
		F8543F682539CAE000583650 /* Settings.swift in Sources */ = {isa = PBXBuildFile; fileRef = F8543F672539CAE000583650 /* Settings.swift */; };
		F8659C6D2545F59A00469D75 /* AppDelegate.swift in Sources */ = {isa = PBXBuildFile; fileRef = F8659C6C2545F59A00469D75 /* AppDelegate.swift */; };
		F897012D2536FAFE00EEDA18 /* ContactJournalApp.swift in Sources */ = {isa = PBXBuildFile; fileRef = F897012C2536FAFE00EEDA18 /* ContactJournalApp.swift */; };
		F897012F2536FAFE00EEDA18 /* ContentView.swift in Sources */ = {isa = PBXBuildFile; fileRef = F897012E2536FAFE00EEDA18 /* ContentView.swift */; };
		F89701312536FB0000EEDA18 /* Assets.xcassets in Resources */ = {isa = PBXBuildFile; fileRef = F89701302536FB0000EEDA18 /* Assets.xcassets */; };
		F89701342536FB0000EEDA18 /* Preview Assets.xcassets in Resources */ = {isa = PBXBuildFile; fileRef = F89701332536FB0000EEDA18 /* Preview Assets.xcassets */; };
		F89701362536FB0000EEDA18 /* Persistence.swift in Sources */ = {isa = PBXBuildFile; fileRef = F89701352536FB0000EEDA18 /* Persistence.swift */; };
		F89701392536FB0000EEDA18 /* ContactJournal.xcdatamodeld in Sources */ = {isa = PBXBuildFile; fileRef = F89701372536FB0000EEDA18 /* ContactJournal.xcdatamodeld */; };
		F89701442536FB0000EEDA18 /* ContactJournalTests.swift in Sources */ = {isa = PBXBuildFile; fileRef = F89701432536FB0000EEDA18 /* ContactJournalTests.swift */; };
		F897014F2536FB0000EEDA18 /* ContactJournalUITests.swift in Sources */ = {isa = PBXBuildFile; fileRef = F897014E2536FB0000EEDA18 /* ContactJournalUITests.swift */; };
		F8970169253709FB00EEDA18 /* Item+CoreData.swift in Sources */ = {isa = PBXBuildFile; fileRef = F8970168253709FB00EEDA18 /* Item+CoreData.swift */; };
		F8970176253716DB00EEDA18 /* CloudKit.framework in Frameworks */ = {isa = PBXBuildFile; fileRef = F8970175253716DB00EEDA18 /* CloudKit.framework */; };
		F8BBDDA7253F039200844894 /* MultilineTextEditor.swift in Sources */ = {isa = PBXBuildFile; fileRef = F8BBDDA6253F039200844894 /* MultilineTextEditor.swift */; };
		F8C13673254D7EBA0043E2D2 /* LocationSearchBar.swift in Sources */ = {isa = PBXBuildFile; fileRef = F8C13672254D7EBA0043E2D2 /* LocationSearchBar.swift */; };
		F8D492B02541E3AC00397339 /* UserSettings.swift in Sources */ = {isa = PBXBuildFile; fileRef = F8D492AF2541E3AC00397339 /* UserSettings.swift */; };
		F8D492B52541E3B900397339 /* NotficationManager.swift in Sources */ = {isa = PBXBuildFile; fileRef = F8D492B42541E3B900397339 /* NotficationManager.swift */; };
		F8DF29472545DA3500D86094 /* SKProductProvider.swift in Sources */ = {isa = PBXBuildFile; fileRef = F8DF29462545DA3500D86094 /* SKProductProvider.swift */; };
		F8DF294C2545DB5F00D86094 /* DonationView.swift in Sources */ = {isa = PBXBuildFile; fileRef = F8DF294B2545DB5F00D86094 /* DonationView.swift */; };
		F8DF7170254053E500D3C1EA /* Exporter.swift in Sources */ = {isa = PBXBuildFile; fileRef = F8DF716F254053E500D3C1EA /* Exporter.swift */; };
		F8DF71752540581600D3C1EA /* ShareExportAktivityController.swift in Sources */ = {isa = PBXBuildFile; fileRef = F8DF71742540581600D3C1EA /* ShareExportAktivityController.swift */; };
/* End PBXBuildFile section */

/* Begin PBXContainerItemProxy section */
		F89701402536FB0000EEDA18 /* PBXContainerItemProxy */ = {
			isa = PBXContainerItemProxy;
			containerPortal = F89701212536FAFE00EEDA18 /* Project object */;
			proxyType = 1;
			remoteGlobalIDString = F89701282536FAFE00EEDA18;
			remoteInfo = ContactJournal;
		};
		F897014B2536FB0000EEDA18 /* PBXContainerItemProxy */ = {
			isa = PBXContainerItemProxy;
			containerPortal = F89701212536FAFE00EEDA18 /* Project object */;
			proxyType = 1;
			remoteGlobalIDString = F89701282536FAFE00EEDA18;
			remoteInfo = ContactJournal;
		};
/* End PBXContainerItemProxy section */

/* Begin PBXFileReference section */
		F80BBDEF253732D4003DBE59 /* EditView.swift */ = {isa = PBXFileReference; lastKnownFileType = sourcecode.swift; path = EditView.swift; sourceTree = "<group>"; };
		F80BBDF4253732F0003DBE59 /* ItemRow.swift */ = {isa = PBXFileReference; lastKnownFileType = sourcecode.swift; path = ItemRow.swift; sourceTree = "<group>"; };
		F8163F8F253B21210047870F /* ContactPicker.swift */ = {isa = PBXFileReference; lastKnownFileType = sourcecode.swift; path = ContactPicker.swift; sourceTree = "<group>"; };
		F81FB2D525458C1D005C50E7 /* RiskLevel.swift */ = {isa = PBXFileReference; lastKnownFileType = sourcecode.swift; name = RiskLevel.swift; path = ../RiskLevel.swift; sourceTree = "<group>"; };
		F81FB2EB2545B6FA005C50E7 /* ContactJournal 4.xcdatamodel */ = {isa = PBXFileReference; lastKnownFileType = wrapper.xcdatamodel; path = "ContactJournal 4.xcdatamodel"; sourceTree = "<group>"; };
		F8275C5C253AAD2A007155B2 /* ContactJournal 3.xcdatamodel */ = {isa = PBXFileReference; lastKnownFileType = wrapper.xcdatamodel; path = "ContactJournal 3.xcdatamodel"; sourceTree = "<group>"; };
		F84178F22549A707005456C3 /* LocationPoiPicker.swift */ = {isa = PBXFileReference; lastKnownFileType = sourcecode.swift; path = LocationPoiPicker.swift; sourceTree = "<group>"; };
		F8543F672539CAE000583650 /* Settings.swift */ = {isa = PBXFileReference; lastKnownFileType = sourcecode.swift; path = Settings.swift; sourceTree = "<group>"; };
		F8659C6C2545F59A00469D75 /* AppDelegate.swift */ = {isa = PBXFileReference; lastKnownFileType = sourcecode.swift; path = AppDelegate.swift; sourceTree = "<group>"; };
		F89701292536FAFE00EEDA18 /* ContactJournal.app */ = {isa = PBXFileReference; explicitFileType = wrapper.application; includeInIndex = 0; path = ContactJournal.app; sourceTree = BUILT_PRODUCTS_DIR; };
		F897012C2536FAFE00EEDA18 /* ContactJournalApp.swift */ = {isa = PBXFileReference; lastKnownFileType = sourcecode.swift; path = ContactJournalApp.swift; sourceTree = "<group>"; };
		F897012E2536FAFE00EEDA18 /* ContentView.swift */ = {isa = PBXFileReference; lastKnownFileType = sourcecode.swift; path = ContentView.swift; sourceTree = "<group>"; };
		F89701302536FB0000EEDA18 /* Assets.xcassets */ = {isa = PBXFileReference; lastKnownFileType = folder.assetcatalog; path = Assets.xcassets; sourceTree = "<group>"; };
		F89701332536FB0000EEDA18 /* Preview Assets.xcassets */ = {isa = PBXFileReference; lastKnownFileType = folder.assetcatalog; path = "Preview Assets.xcassets"; sourceTree = "<group>"; };
		F89701352536FB0000EEDA18 /* Persistence.swift */ = {isa = PBXFileReference; lastKnownFileType = sourcecode.swift; path = Persistence.swift; sourceTree = "<group>"; };
		F89701382536FB0000EEDA18 /* ContactJournal.xcdatamodel */ = {isa = PBXFileReference; lastKnownFileType = wrapper.xcdatamodel; path = ContactJournal.xcdatamodel; sourceTree = "<group>"; };
		F897013A2536FB0000EEDA18 /* Info.plist */ = {isa = PBXFileReference; lastKnownFileType = text.plist.xml; path = Info.plist; sourceTree = "<group>"; };
		F897013F2536FB0000EEDA18 /* ContactJournalTests.xctest */ = {isa = PBXFileReference; explicitFileType = wrapper.cfbundle; includeInIndex = 0; path = ContactJournalTests.xctest; sourceTree = BUILT_PRODUCTS_DIR; };
		F89701432536FB0000EEDA18 /* ContactJournalTests.swift */ = {isa = PBXFileReference; lastKnownFileType = sourcecode.swift; path = ContactJournalTests.swift; sourceTree = "<group>"; };
		F89701452536FB0000EEDA18 /* Info.plist */ = {isa = PBXFileReference; lastKnownFileType = text.plist.xml; path = Info.plist; sourceTree = "<group>"; };
		F897014A2536FB0000EEDA18 /* ContactJournalUITests.xctest */ = {isa = PBXFileReference; explicitFileType = wrapper.cfbundle; includeInIndex = 0; path = ContactJournalUITests.xctest; sourceTree = BUILT_PRODUCTS_DIR; };
		F897014E2536FB0000EEDA18 /* ContactJournalUITests.swift */ = {isa = PBXFileReference; lastKnownFileType = sourcecode.swift; path = ContactJournalUITests.swift; sourceTree = "<group>"; };
		F89701502536FB0000EEDA18 /* Info.plist */ = {isa = PBXFileReference; lastKnownFileType = text.plist.xml; path = Info.plist; sourceTree = "<group>"; };
		F8970168253709FB00EEDA18 /* Item+CoreData.swift */ = {isa = PBXFileReference; lastKnownFileType = sourcecode.swift; path = "Item+CoreData.swift"; sourceTree = "<group>"; };
		F8970170253716D500EEDA18 /* ContactJournal.entitlements */ = {isa = PBXFileReference; lastKnownFileType = text.plist.entitlements; path = ContactJournal.entitlements; sourceTree = "<group>"; };
		F8970175253716DB00EEDA18 /* CloudKit.framework */ = {isa = PBXFileReference; lastKnownFileType = wrapper.framework; name = CloudKit.framework; path = System/Library/Frameworks/CloudKit.framework; sourceTree = SDKROOT; };
		F8BBDDA6253F039200844894 /* MultilineTextEditor.swift */ = {isa = PBXFileReference; lastKnownFileType = sourcecode.swift; path = MultilineTextEditor.swift; sourceTree = "<group>"; };
		F8C13671254D7DE50043E2D2 /* ContactJournal 5.xcdatamodel */ = {isa = PBXFileReference; lastKnownFileType = wrapper.xcdatamodel; path = "ContactJournal 5.xcdatamodel"; sourceTree = "<group>"; };
		F8C13672254D7EBA0043E2D2 /* LocationSearchBar.swift */ = {isa = PBXFileReference; lastKnownFileType = sourcecode.swift; path = LocationSearchBar.swift; sourceTree = "<group>"; };
		F8CAA7BC2539777F00E18CF3 /* ContactJournal 2.xcdatamodel */ = {isa = PBXFileReference; lastKnownFileType = wrapper.xcdatamodel; path = "ContactJournal 2.xcdatamodel"; sourceTree = "<group>"; };
		F8D492AF2541E3AC00397339 /* UserSettings.swift */ = {isa = PBXFileReference; fileEncoding = 4; lastKnownFileType = sourcecode.swift; path = UserSettings.swift; sourceTree = "<group>"; };
		F8D492B42541E3B900397339 /* NotficationManager.swift */ = {isa = PBXFileReference; fileEncoding = 4; lastKnownFileType = sourcecode.swift; path = NotficationManager.swift; sourceTree = "<group>"; };
		F8DF29462545DA3500D86094 /* SKProductProvider.swift */ = {isa = PBXFileReference; lastKnownFileType = sourcecode.swift; path = SKProductProvider.swift; sourceTree = "<group>"; };
		F8DF294B2545DB5F00D86094 /* DonationView.swift */ = {isa = PBXFileReference; lastKnownFileType = sourcecode.swift; path = DonationView.swift; sourceTree = "<group>"; };
		F8DF716F254053E500D3C1EA /* Exporter.swift */ = {isa = PBXFileReference; lastKnownFileType = sourcecode.swift; path = Exporter.swift; sourceTree = "<group>"; };
		F8DF71742540581600D3C1EA /* ShareExportAktivityController.swift */ = {isa = PBXFileReference; lastKnownFileType = sourcecode.swift; path = ShareExportAktivityController.swift; sourceTree = "<group>"; };
/* End PBXFileReference section */

/* Begin PBXFrameworksBuildPhase section */
		F89701262536FAFE00EEDA18 /* Frameworks */ = {
			isa = PBXFrameworksBuildPhase;
			buildActionMask = 2147483647;
			files = (
				F8970176253716DB00EEDA18 /* CloudKit.framework in Frameworks */,
			);
			runOnlyForDeploymentPostprocessing = 0;
		};
		F897013C2536FB0000EEDA18 /* Frameworks */ = {
			isa = PBXFrameworksBuildPhase;
			buildActionMask = 2147483647;
			files = (
			);
			runOnlyForDeploymentPostprocessing = 0;
		};
		F89701472536FB0000EEDA18 /* Frameworks */ = {
			isa = PBXFrameworksBuildPhase;
			buildActionMask = 2147483647;
			files = (
			);
			runOnlyForDeploymentPostprocessing = 0;
		};
/* End PBXFrameworksBuildPhase section */

/* Begin PBXGroup section */
		F80BBDF9253735B7003DBE59 /* Model */ = {
			isa = PBXGroup;
			children = (
				F8D492AF2541E3AC00397339 /* UserSettings.swift */,
				F89701352536FB0000EEDA18 /* Persistence.swift */,
				F8970168253709FB00EEDA18 /* Item+CoreData.swift */,
				F81FB2D525458C1D005C50E7 /* RiskLevel.swift */,
				F89701372536FB0000EEDA18 /* ContactJournal.xcdatamodeld */,
			);
			path = Model;
			sourceTree = "<group>";
		};
		F8110837254B26A800086CC6 /* Donation */ = {
			isa = PBXGroup;
			children = (
				F8DF29462545DA3500D86094 /* SKProductProvider.swift */,
				F8DF294B2545DB5F00D86094 /* DonationView.swift */,
			);
			path = Donation;
			sourceTree = "<group>";
		};
		F811083B254B26BA00086CC6 /* Export */ = {
			isa = PBXGroup;
			children = (
				F8DF71742540581600D3C1EA /* ShareExportAktivityController.swift */,
				F8DF716F254053E500D3C1EA /* Exporter.swift */,
			);
			path = Export;
			sourceTree = "<group>";
		};
		F811083C254B26F400086CC6 /* EditView */ = {
			isa = PBXGroup;
			children = (
				F80BBDEF253732D4003DBE59 /* EditView.swift */,
				F8BBDDA6253F039200844894 /* MultilineTextEditor.swift */,
				F8163F8F253B21210047870F /* ContactPicker.swift */,
				F84178F22549A707005456C3 /* LocationPoiPicker.swift */,
				F8C13672254D7EBA0043E2D2 /* LocationSearchBar.swift */,
			);
			path = EditView;
			sourceTree = "<group>";
		};
		F8110840254B270400086CC6 /* Settings */ = {
			isa = PBXGroup;
			children = (
				F8543F672539CAE000583650 /* Settings.swift */,
				F8D492B42541E3B900397339 /* NotficationManager.swift */,
			);
			path = Settings;
			sourceTree = "<group>";
		};
		F89701202536FAFE00EEDA18 = {
			isa = PBXGroup;
			children = (
				F897012B2536FAFE00EEDA18 /* ContactJournal */,
				F89701422536FB0000EEDA18 /* ContactJournalTests */,
				F897014D2536FB0000EEDA18 /* ContactJournalUITests */,
				F897012A2536FAFE00EEDA18 /* Products */,
				F8970174253716DB00EEDA18 /* Frameworks */,
			);
			sourceTree = "<group>";
		};
		F897012A2536FAFE00EEDA18 /* Products */ = {
			isa = PBXGroup;
			children = (
				F89701292536FAFE00EEDA18 /* ContactJournal.app */,
				F897013F2536FB0000EEDA18 /* ContactJournalTests.xctest */,
				F897014A2536FB0000EEDA18 /* ContactJournalUITests.xctest */,
			);
			name = Products;
			sourceTree = "<group>";
		};
		F897012B2536FAFE00EEDA18 /* ContactJournal */ = {
			isa = PBXGroup;
			children = (
				F8970170253716D500EEDA18 /* ContactJournal.entitlements */,
				F8659C6C2545F59A00469D75 /* AppDelegate.swift */,
				F897012C2536FAFE00EEDA18 /* ContactJournalApp.swift */,
				F897012E2536FAFE00EEDA18 /* ContentView.swift */,
				F80BBDF4253732F0003DBE59 /* ItemRow.swift */,
				F8110840254B270400086CC6 /* Settings */,
				F811083C254B26F400086CC6 /* EditView */,
				F811083B254B26BA00086CC6 /* Export */,
				F8110837254B26A800086CC6 /* Donation */,
				F89701302536FB0000EEDA18 /* Assets.xcassets */,
				F80BBDF9253735B7003DBE59 /* Model */,
				F897013A2536FB0000EEDA18 /* Info.plist */,
				F89701322536FB0000EEDA18 /* Preview Content */,
			);
			path = ContactJournal;
			sourceTree = "<group>";
		};
		F89701322536FB0000EEDA18 /* Preview Content */ = {
			isa = PBXGroup;
			children = (
				F89701332536FB0000EEDA18 /* Preview Assets.xcassets */,
			);
			path = "Preview Content";
			sourceTree = "<group>";
		};
		F89701422536FB0000EEDA18 /* ContactJournalTests */ = {
			isa = PBXGroup;
			children = (
				F89701432536FB0000EEDA18 /* ContactJournalTests.swift */,
				F89701452536FB0000EEDA18 /* Info.plist */,
			);
			path = ContactJournalTests;
			sourceTree = "<group>";
		};
		F897014D2536FB0000EEDA18 /* ContactJournalUITests */ = {
			isa = PBXGroup;
			children = (
				F897014E2536FB0000EEDA18 /* ContactJournalUITests.swift */,
				F89701502536FB0000EEDA18 /* Info.plist */,
			);
			path = ContactJournalUITests;
			sourceTree = "<group>";
		};
		F8970174253716DB00EEDA18 /* Frameworks */ = {
			isa = PBXGroup;
			children = (
				F8970175253716DB00EEDA18 /* CloudKit.framework */,
			);
			name = Frameworks;
			sourceTree = "<group>";
		};
/* End PBXGroup section */

/* Begin PBXNativeTarget section */
		F89701282536FAFE00EEDA18 /* ContactJournal */ = {
			isa = PBXNativeTarget;
			buildConfigurationList = F89701532536FB0000EEDA18 /* Build configuration list for PBXNativeTarget "ContactJournal" */;
			buildPhases = (
				F89701252536FAFE00EEDA18 /* Sources */,
				F89701262536FAFE00EEDA18 /* Frameworks */,
				F89701272536FAFE00EEDA18 /* Resources */,
			);
			buildRules = (
			);
			dependencies = (
			);
			name = ContactJournal;
			productName = ContactJournal;
			productReference = F89701292536FAFE00EEDA18 /* ContactJournal.app */;
			productType = "com.apple.product-type.application";
		};
		F897013E2536FB0000EEDA18 /* ContactJournalTests */ = {
			isa = PBXNativeTarget;
			buildConfigurationList = F89701562536FB0000EEDA18 /* Build configuration list for PBXNativeTarget "ContactJournalTests" */;
			buildPhases = (
				F897013B2536FB0000EEDA18 /* Sources */,
				F897013C2536FB0000EEDA18 /* Frameworks */,
				F897013D2536FB0000EEDA18 /* Resources */,
			);
			buildRules = (
			);
			dependencies = (
				F89701412536FB0000EEDA18 /* PBXTargetDependency */,
			);
			name = ContactJournalTests;
			productName = ContactJournalTests;
			productReference = F897013F2536FB0000EEDA18 /* ContactJournalTests.xctest */;
			productType = "com.apple.product-type.bundle.unit-test";
		};
		F89701492536FB0000EEDA18 /* ContactJournalUITests */ = {
			isa = PBXNativeTarget;
			buildConfigurationList = F89701592536FB0000EEDA18 /* Build configuration list for PBXNativeTarget "ContactJournalUITests" */;
			buildPhases = (
				F89701462536FB0000EEDA18 /* Sources */,
				F89701472536FB0000EEDA18 /* Frameworks */,
				F89701482536FB0000EEDA18 /* Resources */,
			);
			buildRules = (
			);
			dependencies = (
				F897014C2536FB0000EEDA18 /* PBXTargetDependency */,
			);
			name = ContactJournalUITests;
			productName = ContactJournalUITests;
			productReference = F897014A2536FB0000EEDA18 /* ContactJournalUITests.xctest */;
			productType = "com.apple.product-type.bundle.ui-testing";
		};
/* End PBXNativeTarget section */

/* Begin PBXProject section */
		F89701212536FAFE00EEDA18 /* Project object */ = {
			isa = PBXProject;
			attributes = {
				LastSwiftUpdateCheck = 1200;
				LastUpgradeCheck = 1200;
				TargetAttributes = {
					F89701282536FAFE00EEDA18 = {
						CreatedOnToolsVersion = 12.0.1;
					};
					F897013E2536FB0000EEDA18 = {
						CreatedOnToolsVersion = 12.0.1;
						TestTargetID = F89701282536FAFE00EEDA18;
					};
					F89701492536FB0000EEDA18 = {
						CreatedOnToolsVersion = 12.0.1;
						TestTargetID = F89701282536FAFE00EEDA18;
					};
				};
			};
			buildConfigurationList = F89701242536FAFE00EEDA18 /* Build configuration list for PBXProject "ContactJournal" */;
			compatibilityVersion = "Xcode 9.3";
			developmentRegion = de;
			hasScannedForEncodings = 0;
			knownRegions = (
				de,
				Base,
			);
			mainGroup = F89701202536FAFE00EEDA18;
			productRefGroup = F897012A2536FAFE00EEDA18 /* Products */;
			projectDirPath = "";
			projectRoot = "";
			targets = (
				F89701282536FAFE00EEDA18 /* ContactJournal */,
				F897013E2536FB0000EEDA18 /* ContactJournalTests */,
				F89701492536FB0000EEDA18 /* ContactJournalUITests */,
			);
		};
/* End PBXProject section */

/* Begin PBXResourcesBuildPhase section */
		F89701272536FAFE00EEDA18 /* Resources */ = {
			isa = PBXResourcesBuildPhase;
			buildActionMask = 2147483647;
			files = (
				F89701342536FB0000EEDA18 /* Preview Assets.xcassets in Resources */,
				F89701312536FB0000EEDA18 /* Assets.xcassets in Resources */,
			);
			runOnlyForDeploymentPostprocessing = 0;
		};
		F897013D2536FB0000EEDA18 /* Resources */ = {
			isa = PBXResourcesBuildPhase;
			buildActionMask = 2147483647;
			files = (
			);
			runOnlyForDeploymentPostprocessing = 0;
		};
		F89701482536FB0000EEDA18 /* Resources */ = {
			isa = PBXResourcesBuildPhase;
			buildActionMask = 2147483647;
			files = (
			);
			runOnlyForDeploymentPostprocessing = 0;
		};
/* End PBXResourcesBuildPhase section */

/* Begin PBXSourcesBuildPhase section */
		F89701252536FAFE00EEDA18 /* Sources */ = {
			isa = PBXSourcesBuildPhase;
			buildActionMask = 2147483647;
			files = (
				F8DF7170254053E500D3C1EA /* Exporter.swift in Sources */,
				F8163F90253B21210047870F /* ContactPicker.swift in Sources */,
				F8D492B52541E3B900397339 /* NotficationManager.swift in Sources */,
				F8970169253709FB00EEDA18 /* Item+CoreData.swift in Sources */,
				F8DF294C2545DB5F00D86094 /* DonationView.swift in Sources */,
				F89701362536FB0000EEDA18 /* Persistence.swift in Sources */,
				F8D492B02541E3AC00397339 /* UserSettings.swift in Sources */,
				F8543F682539CAE000583650 /* Settings.swift in Sources */,
				F80BBDF0253732D4003DBE59 /* EditView.swift in Sources */,
				F80BBDF5253732F0003DBE59 /* ItemRow.swift in Sources */,
				F8BBDDA7253F039200844894 /* MultilineTextEditor.swift in Sources */,
				F81FB2D625458C1D005C50E7 /* RiskLevel.swift in Sources */,
				F8DF71752540581600D3C1EA /* ShareExportAktivityController.swift in Sources */,
				F8DF29472545DA3500D86094 /* SKProductProvider.swift in Sources */,
				F8C13673254D7EBA0043E2D2 /* LocationSearchBar.swift in Sources */,
				F897012F2536FAFE00EEDA18 /* ContentView.swift in Sources */,
				F89701392536FB0000EEDA18 /* ContactJournal.xcdatamodeld in Sources */,
				F8659C6D2545F59A00469D75 /* AppDelegate.swift in Sources */,
				F897012D2536FAFE00EEDA18 /* ContactJournalApp.swift in Sources */,
				F84178F32549A707005456C3 /* LocationPoiPicker.swift in Sources */,
			);
			runOnlyForDeploymentPostprocessing = 0;
		};
		F897013B2536FB0000EEDA18 /* Sources */ = {
			isa = PBXSourcesBuildPhase;
			buildActionMask = 2147483647;
			files = (
				F89701442536FB0000EEDA18 /* ContactJournalTests.swift in Sources */,
			);
			runOnlyForDeploymentPostprocessing = 0;
		};
		F89701462536FB0000EEDA18 /* Sources */ = {
			isa = PBXSourcesBuildPhase;
			buildActionMask = 2147483647;
			files = (
				F897014F2536FB0000EEDA18 /* ContactJournalUITests.swift in Sources */,
			);
			runOnlyForDeploymentPostprocessing = 0;
		};
/* End PBXSourcesBuildPhase section */

/* Begin PBXTargetDependency section */
		F89701412536FB0000EEDA18 /* PBXTargetDependency */ = {
			isa = PBXTargetDependency;
			target = F89701282536FAFE00EEDA18 /* ContactJournal */;
			targetProxy = F89701402536FB0000EEDA18 /* PBXContainerItemProxy */;
		};
		F897014C2536FB0000EEDA18 /* PBXTargetDependency */ = {
			isa = PBXTargetDependency;
			target = F89701282536FAFE00EEDA18 /* ContactJournal */;
			targetProxy = F897014B2536FB0000EEDA18 /* PBXContainerItemProxy */;
		};
/* End PBXTargetDependency section */

/* Begin XCBuildConfiguration section */
		F89701512536FB0000EEDA18 /* Debug */ = {
			isa = XCBuildConfiguration;
			buildSettings = {
				ALWAYS_SEARCH_USER_PATHS = NO;
				CLANG_ANALYZER_NONNULL = YES;
				CLANG_ANALYZER_NUMBER_OBJECT_CONVERSION = YES_AGGRESSIVE;
				CLANG_CXX_LANGUAGE_STANDARD = "gnu++14";
				CLANG_CXX_LIBRARY = "libc++";
				CLANG_ENABLE_MODULES = YES;
				CLANG_ENABLE_OBJC_ARC = YES;
				CLANG_ENABLE_OBJC_WEAK = YES;
				CLANG_WARN_BLOCK_CAPTURE_AUTORELEASING = YES;
				CLANG_WARN_BOOL_CONVERSION = YES;
				CLANG_WARN_COMMA = YES;
				CLANG_WARN_CONSTANT_CONVERSION = YES;
				CLANG_WARN_DEPRECATED_OBJC_IMPLEMENTATIONS = YES;
				CLANG_WARN_DIRECT_OBJC_ISA_USAGE = YES_ERROR;
				CLANG_WARN_DOCUMENTATION_COMMENTS = YES;
				CLANG_WARN_EMPTY_BODY = YES;
				CLANG_WARN_ENUM_CONVERSION = YES;
				CLANG_WARN_INFINITE_RECURSION = YES;
				CLANG_WARN_INT_CONVERSION = YES;
				CLANG_WARN_NON_LITERAL_NULL_CONVERSION = YES;
				CLANG_WARN_OBJC_IMPLICIT_RETAIN_SELF = YES;
				CLANG_WARN_OBJC_LITERAL_CONVERSION = YES;
				CLANG_WARN_OBJC_ROOT_CLASS = YES_ERROR;
				CLANG_WARN_QUOTED_INCLUDE_IN_FRAMEWORK_HEADER = YES;
				CLANG_WARN_RANGE_LOOP_ANALYSIS = YES;
				CLANG_WARN_STRICT_PROTOTYPES = YES;
				CLANG_WARN_SUSPICIOUS_MOVE = YES;
				CLANG_WARN_UNGUARDED_AVAILABILITY = YES_AGGRESSIVE;
				CLANG_WARN_UNREACHABLE_CODE = YES;
				CLANG_WARN__DUPLICATE_METHOD_MATCH = YES;
				COPY_PHASE_STRIP = NO;
				DEBUG_INFORMATION_FORMAT = dwarf;
				ENABLE_STRICT_OBJC_MSGSEND = YES;
				ENABLE_TESTABILITY = YES;
				GCC_C_LANGUAGE_STANDARD = gnu11;
				GCC_DYNAMIC_NO_PIC = NO;
				GCC_NO_COMMON_BLOCKS = YES;
				GCC_OPTIMIZATION_LEVEL = 0;
				GCC_PREPROCESSOR_DEFINITIONS = (
					"DEBUG=1",
					"$(inherited)",
				);
				GCC_WARN_64_TO_32_BIT_CONVERSION = YES;
				GCC_WARN_ABOUT_RETURN_TYPE = YES_ERROR;
				GCC_WARN_UNDECLARED_SELECTOR = YES;
				GCC_WARN_UNINITIALIZED_AUTOS = YES_AGGRESSIVE;
				GCC_WARN_UNUSED_FUNCTION = YES;
				GCC_WARN_UNUSED_VARIABLE = YES;
				IPHONEOS_DEPLOYMENT_TARGET = 14.0;
				MTL_ENABLE_DEBUG_INFO = INCLUDE_SOURCE;
				MTL_FAST_MATH = YES;
				ONLY_ACTIVE_ARCH = YES;
				SDKROOT = iphoneos;
				SWIFT_ACTIVE_COMPILATION_CONDITIONS = DEBUG;
				SWIFT_OPTIMIZATION_LEVEL = "-Onone";
			};
			name = Debug;
		};
		F89701522536FB0000EEDA18 /* Release */ = {
			isa = XCBuildConfiguration;
			buildSettings = {
				ALWAYS_SEARCH_USER_PATHS = NO;
				CLANG_ANALYZER_NONNULL = YES;
				CLANG_ANALYZER_NUMBER_OBJECT_CONVERSION = YES_AGGRESSIVE;
				CLANG_CXX_LANGUAGE_STANDARD = "gnu++14";
				CLANG_CXX_LIBRARY = "libc++";
				CLANG_ENABLE_MODULES = YES;
				CLANG_ENABLE_OBJC_ARC = YES;
				CLANG_ENABLE_OBJC_WEAK = YES;
				CLANG_WARN_BLOCK_CAPTURE_AUTORELEASING = YES;
				CLANG_WARN_BOOL_CONVERSION = YES;
				CLANG_WARN_COMMA = YES;
				CLANG_WARN_CONSTANT_CONVERSION = YES;
				CLANG_WARN_DEPRECATED_OBJC_IMPLEMENTATIONS = YES;
				CLANG_WARN_DIRECT_OBJC_ISA_USAGE = YES_ERROR;
				CLANG_WARN_DOCUMENTATION_COMMENTS = YES;
				CLANG_WARN_EMPTY_BODY = YES;
				CLANG_WARN_ENUM_CONVERSION = YES;
				CLANG_WARN_INFINITE_RECURSION = YES;
				CLANG_WARN_INT_CONVERSION = YES;
				CLANG_WARN_NON_LITERAL_NULL_CONVERSION = YES;
				CLANG_WARN_OBJC_IMPLICIT_RETAIN_SELF = YES;
				CLANG_WARN_OBJC_LITERAL_CONVERSION = YES;
				CLANG_WARN_OBJC_ROOT_CLASS = YES_ERROR;
				CLANG_WARN_QUOTED_INCLUDE_IN_FRAMEWORK_HEADER = YES;
				CLANG_WARN_RANGE_LOOP_ANALYSIS = YES;
				CLANG_WARN_STRICT_PROTOTYPES = YES;
				CLANG_WARN_SUSPICIOUS_MOVE = YES;
				CLANG_WARN_UNGUARDED_AVAILABILITY = YES_AGGRESSIVE;
				CLANG_WARN_UNREACHABLE_CODE = YES;
				CLANG_WARN__DUPLICATE_METHOD_MATCH = YES;
				COPY_PHASE_STRIP = NO;
				DEBUG_INFORMATION_FORMAT = "dwarf-with-dsym";
				ENABLE_NS_ASSERTIONS = NO;
				ENABLE_STRICT_OBJC_MSGSEND = YES;
				GCC_C_LANGUAGE_STANDARD = gnu11;
				GCC_NO_COMMON_BLOCKS = YES;
				GCC_WARN_64_TO_32_BIT_CONVERSION = YES;
				GCC_WARN_ABOUT_RETURN_TYPE = YES_ERROR;
				GCC_WARN_UNDECLARED_SELECTOR = YES;
				GCC_WARN_UNINITIALIZED_AUTOS = YES_AGGRESSIVE;
				GCC_WARN_UNUSED_FUNCTION = YES;
				GCC_WARN_UNUSED_VARIABLE = YES;
				IPHONEOS_DEPLOYMENT_TARGET = 14.0;
				MTL_ENABLE_DEBUG_INFO = NO;
				MTL_FAST_MATH = YES;
				SDKROOT = iphoneos;
				SWIFT_COMPILATION_MODE = wholemodule;
				SWIFT_OPTIMIZATION_LEVEL = "-O";
				VALIDATE_PRODUCT = YES;
			};
			name = Release;
		};
		F89701542536FB0000EEDA18 /* Debug */ = {
			isa = XCBuildConfiguration;
			buildSettings = {
				ASSETCATALOG_COMPILER_APPICON_NAME = AppIcon;
				ASSETCATALOG_COMPILER_GLOBAL_ACCENT_COLOR_NAME = AccentColor;
				CODE_SIGN_ENTITLEMENTS = ContactJournal/ContactJournal.entitlements;
				CODE_SIGN_STYLE = Automatic;
				CURRENT_PROJECT_VERSION = 43;
				DEVELOPMENT_ASSET_PATHS = "\"ContactJournal/Preview Content\"";
				DEVELOPMENT_TEAM = Y85FVF2A97;
				ENABLE_PREVIEWS = YES;
				INFOPLIST_FILE = ContactJournal/Info.plist;
				IPHONEOS_DEPLOYMENT_TARGET = 14.0;
				LD_RUNPATH_SEARCH_PATHS = (
					"$(inherited)",
					"@executable_path/Frameworks",
				);
				MARKETING_VERSION = 1.6;
				PRODUCT_BUNDLE_IDENTIFIER = de.stefantrauth.ContactJournal;
				PRODUCT_NAME = "$(TARGET_NAME)";
				SWIFT_VERSION = 5.0;
				TARGETED_DEVICE_FAMILY = "1,2";
			};
			name = Debug;
		};
		F89701552536FB0000EEDA18 /* Release */ = {
			isa = XCBuildConfiguration;
			buildSettings = {
				ASSETCATALOG_COMPILER_APPICON_NAME = AppIcon;
				ASSETCATALOG_COMPILER_GLOBAL_ACCENT_COLOR_NAME = AccentColor;
				CODE_SIGN_ENTITLEMENTS = ContactJournal/ContactJournal.entitlements;
				CODE_SIGN_STYLE = Automatic;
				CURRENT_PROJECT_VERSION = 43;
				DEVELOPMENT_ASSET_PATHS = "\"ContactJournal/Preview Content\"";
				DEVELOPMENT_TEAM = Y85FVF2A97;
				ENABLE_PREVIEWS = YES;
				INFOPLIST_FILE = ContactJournal/Info.plist;
				IPHONEOS_DEPLOYMENT_TARGET = 14.0;
				LD_RUNPATH_SEARCH_PATHS = (
					"$(inherited)",
					"@executable_path/Frameworks",
				);
				MARKETING_VERSION = 1.6;
				PRODUCT_BUNDLE_IDENTIFIER = de.stefantrauth.ContactJournal;
				PRODUCT_NAME = "$(TARGET_NAME)";
				SWIFT_VERSION = 5.0;
				TARGETED_DEVICE_FAMILY = "1,2";
			};
			name = Release;
		};
		F89701572536FB0000EEDA18 /* Debug */ = {
			isa = XCBuildConfiguration;
			buildSettings = {
				ALWAYS_EMBED_SWIFT_STANDARD_LIBRARIES = YES;
				BUNDLE_LOADER = "$(TEST_HOST)";
				CODE_SIGN_STYLE = Automatic;
				DEVELOPMENT_TEAM = Y85FVF2A97;
				INFOPLIST_FILE = ContactJournalTests/Info.plist;
				IPHONEOS_DEPLOYMENT_TARGET = 14.0;
				LD_RUNPATH_SEARCH_PATHS = (
					"$(inherited)",
					"@executable_path/Frameworks",
					"@loader_path/Frameworks",
				);
				PRODUCT_BUNDLE_IDENTIFIER = de.stefantrauth.ContactJournalTests;
				PRODUCT_NAME = "$(TARGET_NAME)";
				SWIFT_VERSION = 5.0;
				TARGETED_DEVICE_FAMILY = "1,2";
				TEST_HOST = "$(BUILT_PRODUCTS_DIR)/ContactJournal.app/ContactJournal";
			};
			name = Debug;
		};
		F89701582536FB0000EEDA18 /* Release */ = {
			isa = XCBuildConfiguration;
			buildSettings = {
				ALWAYS_EMBED_SWIFT_STANDARD_LIBRARIES = YES;
				BUNDLE_LOADER = "$(TEST_HOST)";
				CODE_SIGN_STYLE = Automatic;
				DEVELOPMENT_TEAM = Y85FVF2A97;
				INFOPLIST_FILE = ContactJournalTests/Info.plist;
				IPHONEOS_DEPLOYMENT_TARGET = 14.0;
				LD_RUNPATH_SEARCH_PATHS = (
					"$(inherited)",
					"@executable_path/Frameworks",
					"@loader_path/Frameworks",
				);
				PRODUCT_BUNDLE_IDENTIFIER = de.stefantrauth.ContactJournalTests;
				PRODUCT_NAME = "$(TARGET_NAME)";
				SWIFT_VERSION = 5.0;
				TARGETED_DEVICE_FAMILY = "1,2";
				TEST_HOST = "$(BUILT_PRODUCTS_DIR)/ContactJournal.app/ContactJournal";
			};
			name = Release;
		};
		F897015A2536FB0000EEDA18 /* Debug */ = {
			isa = XCBuildConfiguration;
			buildSettings = {
				ALWAYS_EMBED_SWIFT_STANDARD_LIBRARIES = YES;
				CODE_SIGN_STYLE = Automatic;
				DEVELOPMENT_TEAM = Y85FVF2A97;
				INFOPLIST_FILE = ContactJournalUITests/Info.plist;
				LD_RUNPATH_SEARCH_PATHS = (
					"$(inherited)",
					"@executable_path/Frameworks",
					"@loader_path/Frameworks",
				);
				PRODUCT_BUNDLE_IDENTIFIER = de.stefantrauth.ContactJournalUITests;
				PRODUCT_NAME = "$(TARGET_NAME)";
				SWIFT_VERSION = 5.0;
				TARGETED_DEVICE_FAMILY = "1,2";
				TEST_TARGET_NAME = ContactJournal;
			};
			name = Debug;
		};
		F897015B2536FB0000EEDA18 /* Release */ = {
			isa = XCBuildConfiguration;
			buildSettings = {
				ALWAYS_EMBED_SWIFT_STANDARD_LIBRARIES = YES;
				CODE_SIGN_STYLE = Automatic;
				DEVELOPMENT_TEAM = Y85FVF2A97;
				INFOPLIST_FILE = ContactJournalUITests/Info.plist;
				LD_RUNPATH_SEARCH_PATHS = (
					"$(inherited)",
					"@executable_path/Frameworks",
					"@loader_path/Frameworks",
				);
				PRODUCT_BUNDLE_IDENTIFIER = de.stefantrauth.ContactJournalUITests;
				PRODUCT_NAME = "$(TARGET_NAME)";
				SWIFT_VERSION = 5.0;
				TARGETED_DEVICE_FAMILY = "1,2";
				TEST_TARGET_NAME = ContactJournal;
			};
			name = Release;
		};
/* End XCBuildConfiguration section */

/* Begin XCConfigurationList section */
		F89701242536FAFE00EEDA18 /* Build configuration list for PBXProject "ContactJournal" */ = {
			isa = XCConfigurationList;
			buildConfigurations = (
				F89701512536FB0000EEDA18 /* Debug */,
				F89701522536FB0000EEDA18 /* Release */,
			);
			defaultConfigurationIsVisible = 0;
			defaultConfigurationName = Release;
		};
		F89701532536FB0000EEDA18 /* Build configuration list for PBXNativeTarget "ContactJournal" */ = {
			isa = XCConfigurationList;
			buildConfigurations = (
				F89701542536FB0000EEDA18 /* Debug */,
				F89701552536FB0000EEDA18 /* Release */,
			);
			defaultConfigurationIsVisible = 0;
			defaultConfigurationName = Release;
		};
		F89701562536FB0000EEDA18 /* Build configuration list for PBXNativeTarget "ContactJournalTests" */ = {
			isa = XCConfigurationList;
			buildConfigurations = (
				F89701572536FB0000EEDA18 /* Debug */,
				F89701582536FB0000EEDA18 /* Release */,
			);
			defaultConfigurationIsVisible = 0;
			defaultConfigurationName = Release;
		};
		F89701592536FB0000EEDA18 /* Build configuration list for PBXNativeTarget "ContactJournalUITests" */ = {
			isa = XCConfigurationList;
			buildConfigurations = (
				F897015A2536FB0000EEDA18 /* Debug */,
				F897015B2536FB0000EEDA18 /* Release */,
			);
			defaultConfigurationIsVisible = 0;
			defaultConfigurationName = Release;
		};
/* End XCConfigurationList section */

/* Begin XCVersionGroup section */
		F89701372536FB0000EEDA18 /* ContactJournal.xcdatamodeld */ = {
			isa = XCVersionGroup;
			children = (
				F8C13671254D7DE50043E2D2 /* ContactJournal 5.xcdatamodel */,
				F81FB2EB2545B6FA005C50E7 /* ContactJournal 4.xcdatamodel */,
				F8275C5C253AAD2A007155B2 /* ContactJournal 3.xcdatamodel */,
				F8CAA7BC2539777F00E18CF3 /* ContactJournal 2.xcdatamodel */,
				F89701382536FB0000EEDA18 /* ContactJournal.xcdatamodel */,
			);
			currentVersion = F8C13671254D7DE50043E2D2 /* ContactJournal 5.xcdatamodel */;
			path = ContactJournal.xcdatamodeld;
			sourceTree = "<group>";
			versionGroupType = wrapper.xcdatamodel;
		};
/* End XCVersionGroup section */
	};
	rootObject = F89701212536FAFE00EEDA18 /* Project object */;
}
